
Microsoft Visual Studio Solution File, Format Version 12.00
# Visual Studio Version 17
VisualStudioVersion = 17.13.35919.96 d17.13
MinimumVisualStudioVersion = 10.0.40219.1
Project("{FAE04EC0-301F-11D3-BF4B-00C04F79EFBC}") = "CineStack.Api", "CineStack.Api\CineStack.Api.csproj", "{8265D17E-6CCD-4B2E-B8AC-C6C3FDA92AD1}"
EndProject
Global
	GlobalSection(SolutionConfigurationPlatforms) = preSolution
		Debug|Any CPU = Debug|Any CPU
		Release|Any CPU = Release|Any CPU
	EndGlobalSection
	GlobalSection(ProjectConfigurationPlatforms) = postSolution
		{8265D17E-6CCD-4B2E-B8AC-C6C3FDA92AD1}.Debug|Any CPU.ActiveCfg = Debug|Any CPU
		{8265D17E-6CCD-4B2E-B8AC-C6C3FDA92AD1}.Debug|Any CPU.Build.0 = Debug|Any CPU
		{8265D17E-6CCD-4B2E-B8AC-C6C3FDA92AD1}.Release|Any CPU.ActiveCfg = Release|Any CPU
		{8265D17E-6CCD-4B2E-B8AC-C6C3FDA92AD1}.Release|Any CPU.Build.0 = Release|Any CPU
	EndGlobalSection
	GlobalSection(SolutionProperties) = preSolution
		HideSolutionNode = FALSE
	EndGlobalSection
	GlobalSection(ExtensibilityGlobals) = postSolution
		SolutionGuid = {4787135F-0980-4BCC-B05A-DA507908E7E2}
	EndGlobalSection
EndGlobal
